Microsoft Visual Studio Solution File, Format Version 12.00
# Visual Studio 2012
Project("{879D88C1-3152-A678-94C1-428FC3FCD16B}") = "InARoom", "Assembly-CSharp.csproj", "{9574BD77-2A09-1A4F-C864-042D71141C87}"
EndProject
Project("{879D88C1-3152-A678-94C1-428FC3FCD16B}") = "InARoom", "Assembly-CSharp-Editor-firstpass.csproj", "{696851FE-6917-9A82-E590-DD0D947EA57D}"
EndProject
Project("{879D88C1-3152-A678-94C1-428FC3FCD16B}") = "InARoom", "Assembly-CSharp-Editor.csproj", "{555CF5E2-3911-0E5C-7A6C-FD2EDE3B8CCA}"
EndProject
Global
	GlobalSection(SolutionConfigurationPlatforms) = preSolution
		Debug|Any CPU = Debug|Any CPU
		Release|Any CPU = Release|Any CPU
	EndGlobalSection
	GlobalSection(ProjectConfigurationPlatforms) = postSolution
		{9574BD77-2A09-1A4F-C864-042D71141C87}.Debug|Any CPU.ActiveCfg = Debug|Any CPU
		{9574BD77-2A09-1A4F-C864-042D71141C87}.Debug|Any CPU.Build.0 = Debug|Any CPU
		{9574BD77-2A09-1A4F-C864-042D71141C87}.Release|Any CPU.ActiveCfg = Release|Any CPU
		{9574BD77-2A09-1A4F-C864-042D71141C87}.Release|Any CPU.Build.0 = Release|Any CPU
		{696851FE-6917-9A82-E590-DD0D947EA57D}.Debug|Any CPU.ActiveCfg = Debug|Any CPU
		{696851FE-6917-9A82-E590-DD0D947EA57D}.Debug|Any CPU.Build.0 = Debug|Any CPU
		{696851FE-6917-9A82-E590-DD0D947EA57D}.Release|Any CPU.ActiveCfg = Release|Any CPU
		{696851FE-6917-9A82-E590-DD0D947EA57D}.Release|Any CPU.Build.0 = Release|Any CPU
		{555CF5E2-3911-0E5C-7A6C-FD2EDE3B8CCA}.Debug|Any CPU.ActiveCfg = Debug|Any CPU
		{555CF5E2-3911-0E5C-7A6C-FD2EDE3B8CCA}.Debug|Any CPU.Build.0 = Debug|Any CPU
		{555CF5E2-3911-0E5C-7A6C-FD2EDE3B8CCA}.Release|Any CPU.ActiveCfg = Release|Any CPU
		{555CF5E2-3911-0E5C-7A6C-FD2EDE3B8CCA}.Release|Any CPU.Build.0 = Release|Any CPU
	EndGlobalSection
EndGlobal
